
Microsoft Visual Studio Solution File, Format Version 12.00
# Visual Studio Version 17
VisualStudioVersion = 17.11.35208.52
MinimumVisualStudioVersion = 10.0.40219.1
Project("{FAE04EC0-301F-11D3-BF4B-00C04F79EFBC}") = "Lab 1 C#", "Lab 1 C#\Lab 1 C#.csproj", "{F9A41AF2-BCF8-45E1-A010-4315CCA2C891}"
EndProject
Global
	GlobalSection(SolutionConfigurationPlatforms) = preSolution
		Debug|Any CPU = Debug|Any CPU
		Release|Any CPU = Release|Any CPU
	EndGlobalSection
	GlobalSection(ProjectConfigurationPlatforms) = postSolution
		{F9A41AF2-BCF8-45E1-A010-4315CCA2C891}.Debug|Any CPU.ActiveCfg = Debug|Any CPU
		{F9A41AF2-BCF8-45E1-A010-4315CCA2C891}.Debug|Any CPU.Build.0 = Debug|Any CPU
		{F9A41AF2-BCF8-45E1-A010-4315CCA2C891}.Release|Any CPU.ActiveCfg = Release|Any CPU
		{F9A41AF2-BCF8-45E1-A010-4315CCA2C891}.Release|Any CPU.Build.0 = Release|Any CPU
	EndGlobalSection
	GlobalSection(SolutionProperties) = preSolution
		HideSolutionNode = FALSE
	EndGlobalSection
	GlobalSection(ExtensibilityGlobals) = postSolution
		SolutionGuid = {3D64F0F3-85B8-4AD4-92AF-C5297D5FAF16}
	EndGlobalSection
EndGlobal
